# THIS IS AN AUTOGENERATED FILE. DO NOT EDIT THIS FILE DIRECTLY.
# yarn lockfile v1


"@vant/weapp@^1.8.3":
  version "1.8.3"
  resolved "https://registry.nlark.com/@vant/weapp/download/@vant/weapp-1.8.3.tgz?cache=0&sync_timestamp=1630289124052&other_urls=https%3A%2F%2Fregistry.nlark.com%2F%40vant%2Fweapp%2Fdownload%2F%40vant%2Fweapp-1.8.3.tgz#3798607de48645272341428fec64669deb84d2c7"
  integrity sha1-N5hgfeSGRScjQUKP7GRmneuE0sc=
